
Microsoft Visual Studio Solution File, Format Version 12.00
# Visual Studio Version 16
VisualStudioVersion = 16.0.31729.503
MinimumVisualStudioVersion = 10.0.40219.1
Project("{FAE04EC0-301F-11D3-BF4B-00C04F79EFBC}") = "OOP - 5", "OOP - 5.csproj", "{4072E16A-5567-47BD-BE69-69B0D1CDA4A0}"
EndProject
Global
	GlobalSection(SolutionConfigurationPlatforms) = preSolution
		Debug|Any CPU = Debug|Any CPU
		Release|Any CPU = Release|Any CPU
	EndGlobalSection
	GlobalSection(ProjectConfigurationPlatforms) = postSolution
		{4072E16A-5567-47BD-BE69-69B0D1CDA4A0}.Debug|Any CPU.ActiveCfg = Debug|Any CPU
		{4072E16A-5567-47BD-BE69-69B0D1CDA4A0}.Debug|Any CPU.Build.0 = Debug|Any CPU
		{4072E16A-5567-47BD-BE69-69B0D1CDA4A0}.Release|Any CPU.ActiveCfg = Release|Any CPU
		{4072E16A-5567-47BD-BE69-69B0D1CDA4A0}.Release|Any CPU.Build.0 = Release|Any CPU
	EndGlobalSection
	GlobalSection(SolutionProperties) = preSolution
		HideSolutionNode = FALSE
	EndGlobalSection
	GlobalSection(ExtensibilityGlobals) = postSolution
		SolutionGuid = {D29726CE-BC04-443A-897D-999EB8670D2F}
	EndGlobalSection
EndGlobal
