
Microsoft Visual Studio Solution File, Format Version 12.00
# Visual Studio Version 16
VisualStudioVersion = 16.0.31729.503
MinimumVisualStudioVersion = 10.0.40219.1
Project("{FAE04EC0-301F-11D3-BF4B-00C04F79EFBC}") = "WinFormsApp1", "WinFormsApp1.csproj", "{D4EB651D-8535-469C-9D78-CD36125E3210}"
EndProject
Global
	GlobalSection(SolutionConfigurationPlatforms) = preSolution
		Debug|Any CPU = Debug|Any CPU
		Release|Any CPU = Release|Any CPU
	EndGlobalSection
	GlobalSection(ProjectConfigurationPlatforms) = postSolution
		{D4EB651D-8535-469C-9D78-CD36125E3210}.Debug|Any CPU.ActiveCfg = Debug|Any CPU
		{D4EB651D-8535-469C-9D78-CD36125E3210}.Debug|Any CPU.Build.0 = Debug|Any CPU
		{D4EB651D-8535-469C-9D78-CD36125E3210}.Release|Any CPU.ActiveCfg = Release|Any CPU
		{D4EB651D-8535-469C-9D78-CD36125E3210}.Release|Any CPU.Build.0 = Release|Any CPU
	EndGlobalSection
	GlobalSection(SolutionProperties) = preSolution
		HideSolutionNode = FALSE
	EndGlobalSection
	GlobalSection(ExtensibilityGlobals) = postSolution
		SolutionGuid = {89F460DF-768E-47F1-AA07-2060347C2C9B}
	EndGlobalSection
EndGlobal
