
Microsoft Visual Studio Solution File, Format Version 12.00
# Visual Studio Version 16
VisualStudioVersion = 16.0.31729.503
MinimumVisualStudioVersion = 10.0.40219.1
Project("{FAE04EC0-301F-11D3-BF4B-00C04F79EFBC}") = "SumaCifrelor", "SumaCifrelor.csproj", "{167720AC-968B-4E54-B3D6-392A762C21F6}"
EndProject
Global
	GlobalSection(SolutionConfigurationPlatforms) = preSolution
		Debug|Any CPU = Debug|Any CPU
		Release|Any CPU = Release|Any CPU
	EndGlobalSection
	GlobalSection(ProjectConfigurationPlatforms) = postSolution
		{167720AC-968B-4E54-B3D6-392A762C21F6}.Debug|Any CPU.ActiveCfg = Debug|Any CPU
		{167720AC-968B-4E54-B3D6-392A762C21F6}.Debug|Any CPU.Build.0 = Debug|Any CPU
		{167720AC-968B-4E54-B3D6-392A762C21F6}.Release|Any CPU.ActiveCfg = Release|Any CPU
		{167720AC-968B-4E54-B3D6-392A762C21F6}.Release|Any CPU.Build.0 = Release|Any CPU
	EndGlobalSection
	GlobalSection(SolutionProperties) = preSolution
		HideSolutionNode = FALSE
	EndGlobalSection
	GlobalSection(ExtensibilityGlobals) = postSolution
		SolutionGuid = {879F451B-0318-431B-8687-F30132BD3E20}
	EndGlobalSection
EndGlobal
